
Microsoft Visual Studio Solution File, Format Version 12.00
# Visual Studio Version 17
VisualStudioVersion = 17.14.36109.1 d17.14
MinimumVisualStudioVersion = 10.0.40219.1
Project("{E24C65DC-7377-472B-9ABA-BC803B73C61A}") = "vs2010", ".", "{96DFEC41-6E8D-4931-A963-126062EF0ABB}"
	ProjectSection(WebsiteProperties) = preProject
		TargetFrameworkMoniker = ".NETFramework,Version%3Dv4.7.2"
		Debug.AspNetCompiler.VirtualPath = "/localhost_54273"
		Debug.AspNetCompiler.PhysicalPath = "..\vs2010\"
		Debug.AspNetCompiler.TargetPath = "PrecompiledWeb\localhost_54273\"
		Debug.AspNetCompiler.Updateable = "true"
		Debug.AspNetCompiler.ForceOverwrite = "true"
		Debug.AspNetCompiler.FixedNames = "false"
		Debug.AspNetCompiler.Debug = "True"
		Release.AspNetCompiler.VirtualPath = "/localhost_54273"
		Release.AspNetCompiler.PhysicalPath = "..\vs2010\"
		Release.AspNetCompiler.TargetPath = "PrecompiledWeb\localhost_54273\"
		Release.AspNetCompiler.Updateable = "true"
		Release.AspNetCompiler.ForceOverwrite = "true"
		Release.AspNetCompiler.FixedNames = "false"
		Release.AspNetCompiler.Debug = "False"
		VWDPort = "54273"
		SlnRelativePath = "..\vs2010\"
		DefaultWebSiteLanguage = "Visual C#"
	EndProjectSection
EndProject
Global
	GlobalSection(SolutionConfigurationPlatforms) = preSolution
		Debug|Any CPU = Debug|Any CPU
	EndGlobalSection
	GlobalSection(ProjectConfigurationPlatforms) = postSolution
		{96DFEC41-6E8D-4931-A963-126062EF0ABB}.Debug|Any CPU.ActiveCfg = Debug|Any CPU
		{96DFEC41-6E8D-4931-A963-126062EF0ABB}.Debug|Any CPU.Build.0 = Debug|Any CPU
	EndGlobalSection
	GlobalSection(SolutionProperties) = preSolution
		HideSolutionNode = FALSE
	EndGlobalSection
	GlobalSection(ExtensibilityGlobals) = postSolution
		SolutionGuid = {77A79683-19C6-4073-A5CA-3CD1EF448E3C}
	EndGlobalSection
EndGlobal
