
Microsoft Visual Studio Solution File, Format Version 12.00
# Visual Studio Version 17
VisualStudioVersion = 17.14.36109.1 d17.14
MinimumVisualStudioVersion = 10.0.40219.1
Project("{E24C65DC-7377-472B-9ABA-BC803B73C61A}") = "ASE", ".", "{643ED14C-1A21-4685-8BB7-B5F3D3AF71EB}"
	ProjectSection(WebsiteProperties) = preProject
		TargetFrameworkMoniker = ".NETFramework,Version%3Dv4.7.2"
		Debug.AspNetCompiler.VirtualPath = "/localhost_51935"
		Debug.AspNetCompiler.PhysicalPath = "..\ASE\"
		Debug.AspNetCompiler.TargetPath = "PrecompiledWeb\localhost_51935\"
		Debug.AspNetCompiler.Updateable = "true"
		Debug.AspNetCompiler.ForceOverwrite = "true"
		Debug.AspNetCompiler.FixedNames = "false"
		Debug.AspNetCompiler.Debug = "True"
		Release.AspNetCompiler.VirtualPath = "/localhost_51935"
		Release.AspNetCompiler.PhysicalPath = "..\ASE\"
		Release.AspNetCompiler.TargetPath = "PrecompiledWeb\localhost_51935\"
		Release.AspNetCompiler.Updateable = "true"
		Release.AspNetCompiler.ForceOverwrite = "true"
		Release.AspNetCompiler.FixedNames = "false"
		Release.AspNetCompiler.Debug = "False"
		VWDPort = "51935"
		SlnRelativePath = "..\ASE\"
		DefaultWebSiteLanguage = "Visual C#"
	EndProjectSection
EndProject
Global
	GlobalSection(SolutionConfigurationPlatforms) = preSolution
		Debug|Any CPU = Debug|Any CPU
	EndGlobalSection
	GlobalSection(ProjectConfigurationPlatforms) = postSolution
		{643ED14C-1A21-4685-8BB7-B5F3D3AF71EB}.Debug|Any CPU.ActiveCfg = Debug|Any CPU
		{643ED14C-1A21-4685-8BB7-B5F3D3AF71EB}.Debug|Any CPU.Build.0 = Debug|Any CPU
	EndGlobalSection
	GlobalSection(SolutionProperties) = preSolution
		HideSolutionNode = FALSE
	EndGlobalSection
	GlobalSection(ExtensibilityGlobals) = postSolution
		SolutionGuid = {5787FBC9-5EFA-4959-93D9-42EEB9653DB2}
	EndGlobalSection
EndGlobal
