
Microsoft Visual Studio Solution File, Format Version 12.00
# Visual Studio 15
VisualStudioVersion = 15.0.28307.1585
MinimumVisualStudioVersion = 10.0.40219.1
Project("{FAE04EC0-301F-11D3-BF4B-00C04F79EFBC}") = "highlight_system", "highlight_system\highlight_system.csproj", "{552A9819-DB13-4A9F-948E-32554C520FF5}"
EndProject
Project("{FAE04EC0-301F-11D3-BF4B-00C04F79EFBC}") = "highlight_system.Tests", "highlight_system.Tests\highlight_system.Tests.csproj", "{2E3B35B5-08F9-43EA-B5F9-606F1E0AFE93}"
EndProject
Global
	GlobalSection(SolutionConfigurationPlatforms) = preSolution
		Debug|Any CPU = Debug|Any CPU
		Release|Any CPU = Release|Any CPU
	EndGlobalSection
	GlobalSection(ProjectConfigurationPlatforms) = postSolution
		{552A9819-DB13-4A9F-948E-32554C520FF5}.Debug|Any CPU.ActiveCfg = Debug|Any CPU
		{552A9819-DB13-4A9F-948E-32554C520FF5}.Debug|Any CPU.Build.0 = Debug|Any CPU
		{552A9819-DB13-4A9F-948E-32554C520FF5}.Release|Any CPU.ActiveCfg = Release|Any CPU
		{552A9819-DB13-4A9F-948E-32554C520FF5}.Release|Any CPU.Build.0 = Release|Any CPU
		{2E3B35B5-08F9-43EA-B5F9-606F1E0AFE93}.Debug|Any CPU.ActiveCfg = Debug|Any CPU
		{2E3B35B5-08F9-43EA-B5F9-606F1E0AFE93}.Debug|Any CPU.Build.0 = Debug|Any CPU
		{2E3B35B5-08F9-43EA-B5F9-606F1E0AFE93}.Release|Any CPU.ActiveCfg = Release|Any CPU
		{2E3B35B5-08F9-43EA-B5F9-606F1E0AFE93}.Release|Any CPU.Build.0 = Release|Any CPU
	EndGlobalSection
	GlobalSection(SolutionProperties) = preSolution
		HideSolutionNode = FALSE
	EndGlobalSection
	GlobalSection(ExtensibilityGlobals) = postSolution
		SolutionGuid = {98761925-CEBF-4791-AB20-87901B2826E6}
	EndGlobalSection
EndGlobal
